github.com/StackExchange/wmi v0.0.0-20190523213315-cbe66965904d h1:G0m3OIz70MZUWq3EgK3CesDbo8upS2Vm9/P3FtgI+Jk=
github.com/StackExchange/wmi v0.0.0-20190523213315-cbe66965904d/go.mod h1:3eOhrUMpNV+6aFIbp5/iudMxNCF27Vw2OZgy4xEx0Fg=
github.com/davecgh/go-spew v1.1.0/go.mod h1:J7Y8YcW2NihsgmVo/mv3lAwl/skON4iLHjSsI+c5H38=
github.com/davecgh/go-spew v1.1.1 h1:vj9j/u1bqnvCEfJOwUhtlOARqs3+rkHYY13jYWTU97c=
github.com/davecgh/go-spew v1.1.1/go.mod h1:J7Y8YcW2NihsgmVo/mv3lAwl/skON4iLHjSsI+c5H38=
github.com/go-ole/go-ole v1.2.4 h1:nNBDSCOigTSiarFpYE9J/KtEA1IOW4CNeqT9TQDqCxI=
github.com/go-ole/go-ole v1.2.4/go.mod h1:XCwSNxSkXRo4vlyPy93sltvi/qJq0jqQhjqQNIwKuxM=
github.com/go-repo/assert v0.0.0-20201017155115-c793fb8a3a49 h1:26os0HSQWUrFO/N6MzXHawkq3deYIHHTGb445b1fgtA=
github.com/go-repo/assert v0.0.0-20201017155115-c793fb8a3a49/go.mod h1:I7m9HHDO8OjK6+X6VjHpyquUQ178pg3GQYuSWByfhYo=
github.com/go-repo/assert v0.0.0-20201109140342-84dad770313d h1:Dtv92Q2tDxGeYIM26zqYJ2JmJpLeRml1iMx3fbeQlK0=
github.com/go-repo/assert v0.0.0-20201109140342-84dad770313d/go.mod h1:I7m9HHDO8OjK6+X6VjHpyquUQ178pg3GQYuSWByfhYo=
github.com/go-repo/tokenbucket v0.0.0-20201017160111-17ffb5a98114 h1:epJQApjQMLOSU3AFOgfzQYD2axLYptShIIC5D8cFVe0=
github.com/go-repo/tokenbucket v0.0.0-20201017160111-17ffb5a98114/go.mod h1:kTYl3zUj4z11Qvn4OKq+SDaURxdxuuQwG7pPpaFVFZY=
github.com/influxdata/influxdb1-client v0.0.0-20200827194710-b269163b24ab h1:HqW4xhhynfjrtEiiSGcQUd6vrK23iMam1FO8rI7mwig=
github.com/influxdata/influxdb1-client v0.0.0-20200827194710-b269163b24ab/go.mod h1:qj24IKcXYK6Iy9ceXlo3Tc+vtHo9lIhSX5JddghvEPo=
github.com/pmezard/go-difflib v1.0.0 h1:4DBwDE0NGyQoBHbLQYPwSUPoCMWR5BEzIk/f1lZbAQM=
github.com/pmezard/go-difflib v1.0.0/go.mod h1:iKH77koFhYxTK1pcRnkKkqfTogsbg7gZNVY4sRDYZ/4=
github.com/shirou/gopsutil/v3 v3.20.10 h1:7zomV9HJv6UGk225YtvEa5+camNLpbua3MAz/GqiVJY=
github.com/shirou/gopsutil/v3 v3.20.10/go.mod h1:igHnfak0qnw1biGeI2qKQvu0ZkwvEkUcCLlYhZzdr/4=
github.com/sirupsen/logrus v1.7.0 h1:ShrD1U9pZB12TX0cVy0DtePoCH97K8EtX+mg7ZARUtM=
github.com/sirupsen/logrus v1.7.0/go.mod h1:yWOB1SBYBC5VeMP7gHvWumXLIWorT60ONWic61uBYv0=
github.com/stretchr/objx v0.1.0/go.mod h1:HFkY916IF+rwdDfMAkV7OtwuqBVzrE8GR6GFx+wExME=
github.com/stretchr/testify v1.2.2/go.mod h1:a8OnRcib4nhh0OaRAV+Yts87kKdq0PP7pXfy6kDkUVs=
github.com/stretchr/testify v1.6.1 h1:hDPOHmpOpP40lSULcqw7IrRb/u7w6RpDC9399XyoNd0=
github.com/stretchr/testify v1.6.1/go.mod h1:6Fq8oRcR53rry900zMqJjRRixrwX3KX962/h/Wwjteg=
golang.org/x/sys v0.0.0-20191026070338-33540a1f6037/go.mod h1:h1NjWce9XRLGQEsW7wpKNCjG9DtNlClVuFLEZdDNbEs=
golang.org/x/sys v0.0.0-20201024232916-9f70ab9862d5 h1:iCaAy5bMeEvwANu3YnJfWwI0kWAGkEa2RXPdweI/ysk=
golang.org/x/sys v0.0.0-20201024232916-9f70ab9862d5/go.mod h1:h1NjWce9XRLGQEsW7wpKNCjG9DtNlClVuFLEZdDNbEs=
golang.org/x/sys v0.0.0-20201109165425-215b40eba54c h1:+B+zPA6081G5cEb2triOIJpcvSW4AYzmIyWAqMn2JAc=
golang.org/x/sys v0.0.0-20201109165425-215b40eba54c/go.mod h1:h1NjWce9XRLGQEsW7wpKNCjG9DtNlClVuFLEZdDNbEs=
gopkg.in/check.v1 v0.0.0-20161208181325-20d25e280405 h1:yhCVgyC4o1eVCa2tZl7eS0r+SDo693bJlVdllGtEeKM=
gopkg.in/check.v1 v0.0.0-20161208181325-20d25e280405/go.mod h1:Co6ibVJAznAaIkqp8huTwlJQCZ016jof/cbN4VW5Yz0=
gopkg.in/yaml.v3 v3.0.0-20200313102051-9f266ea9e77c h1:dUUwHk2QECo/6vqA44rthZ8ie2QXMNeKRTHCNY2nXvo=
gopkg.in/yaml.v3 v3.0.0-20200313102051-9f266ea9e77c/go.mod h1:K4uyk7z7BCEPqu6E+C64Yfv1cQ7kz7rIZviUmN+EgEM=
